# This file is automatically @generated by Cargo.
# It is not intended for manual editing.
version = 4

[[package]]
name = "punk-cli"
version = "0.1.0"
dependencies = [
 "punk-eval",
 "punk-events",
 "punk-flow",
]

[[package]]
name = "punk-contract"
version = "0.1.0"

[[package]]
name = "punk-core"
version = "0.1.0"

[[package]]
name = "punk-domain"
version = "0.1.0"

[[package]]
name = "punk-eval"
version = "0.1.0"
dependencies = [
 "punk-contract",
 "punk-domain",
 "punk-events",
 "punk-flow",
 "punk-gate",
 "punk-proof",
]

[[package]]
name = "punk-events"
version = "0.1.0"

[[package]]
name = "punk-flow"
version = "0.1.0"
dependencies = [
 "punk-contract",
 "punk-domain",
 "punk-events",
]

[[package]]
name = "punk-gate"
version = "0.1.0"

[[package]]
name = "punk-project"
version = "0.1.0"

[[package]]
name = "punk-proof"
version = "0.1.0"

[[package]]
name = "punk-rules"
version = "0.1.0"
